
Microsoft Visual Studio Solution File, Format Version 12.00
Project("{FAE04EC0-301F-11D3-BF4B-00C04F79EFBC}") = "NotasProyecto", "NotasProyecto\NotasProyecto.csproj", "{051EA286-E5E8-4304-B62F-3F1D7D82E7CC}"
EndProject
Global
	GlobalSection(SolutionConfigurationPlatforms) = preSolution
		Debug|Any CPU = Debug|Any CPU
		Release|Any CPU = Release|Any CPU
	EndGlobalSection
	GlobalSection(ProjectConfigurationPlatforms) = postSolution
		{051EA286-E5E8-4304-B62F-3F1D7D82E7CC}.Debug|Any CPU.ActiveCfg = Debug|Any CPU
		{051EA286-E5E8-4304-B62F-3F1D7D82E7CC}.Debug|Any CPU.Build.0 = Debug|Any CPU
		{051EA286-E5E8-4304-B62F-3F1D7D82E7CC}.Release|Any CPU.ActiveCfg = Release|Any CPU
		{051EA286-E5E8-4304-B62F-3F1D7D82E7CC}.Release|Any CPU.Build.0 = Release|Any CPU
	EndGlobalSection
EndGlobal
