
Microsoft Visual Studio Solution File, Format Version 12.00
Project("{FAE04EC0-301F-11D3-BF4B-00C04F79EFBC}") = "PracticaUF2", "PracticaUF2\PracticaUF2.csproj", "{FDAD362E-D655-45F2-A1B6-E21C8BF3F87D}"
EndProject
Global
	GlobalSection(SolutionConfigurationPlatforms) = preSolution
		Debug|Any CPU = Debug|Any CPU
		Release|Any CPU = Release|Any CPU
	EndGlobalSection
	GlobalSection(ProjectConfigurationPlatforms) = postSolution
		{FDAD362E-D655-45F2-A1B6-E21C8BF3F87D}.Debug|Any CPU.ActiveCfg = Debug|Any CPU
		{FDAD362E-D655-45F2-A1B6-E21C8BF3F87D}.Debug|Any CPU.Build.0 = Debug|Any CPU
		{FDAD362E-D655-45F2-A1B6-E21C8BF3F87D}.Release|Any CPU.ActiveCfg = Release|Any CPU
		{FDAD362E-D655-45F2-A1B6-E21C8BF3F87D}.Release|Any CPU.Build.0 = Release|Any CPU
	EndGlobalSection
EndGlobal
